
Microsoft Visual Studio Solution File, Format Version 12.00
# Visual Studio Version 17
VisualStudioVersion = 17.5.33627.172
MinimumVisualStudioVersion = 10.0.40219.1
Project("{FAE04EC0-301F-11D3-BF4B-00C04F79EFBC}") = "WebApplication1", "WebApplication1.csproj", "{9020C127-FF2C-40C6-AA77-4379371A17BE}"
EndProject
Global
	GlobalSection(SolutionConfigurationPlatforms) = preSolution
		Debug|Any CPU = Debug|Any CPU
		Release|Any CPU = Release|Any CPU
	EndGlobalSection
	GlobalSection(ProjectConfigurationPlatforms) = postSolution
		{9020C127-FF2C-40C6-AA77-4379371A17BE}.Debug|Any CPU.ActiveCfg = Debug|Any CPU
		{9020C127-FF2C-40C6-AA77-4379371A17BE}.Debug|Any CPU.Build.0 = Debug|Any CPU
		{9020C127-FF2C-40C6-AA77-4379371A17BE}.Release|Any CPU.ActiveCfg = Release|Any CPU
		{9020C127-FF2C-40C6-AA77-4379371A17BE}.Release|Any CPU.Build.0 = Release|Any CPU
	EndGlobalSection
	GlobalSection(SolutionProperties) = preSolution
		HideSolutionNode = FALSE
	EndGlobalSection
	GlobalSection(ExtensibilityGlobals) = postSolution
		SolutionGuid = {4E8A068F-26FA-4169-8243-6559AB14D417}
	EndGlobalSection
EndGlobal
